// !$*UTF8*$!
{
	archiveVersion = 1;
	classes = {
	};
	objectVersion = 55;
	objects = {

/* Begin PBXBuildFile section */
		AEC5A89D288C483500F080B3 /* MainViewController.swift in Sources */ = {isa = PBXBuildFile; fileRef = AEC5A89C288C483500F080B3 /* MainViewController.swift */; };
		AEF68531288A7BFE00BABA4D /* AppDelegate.swift in Sources */ = {isa = PBXBuildFile; fileRef = AEF68530288A7BFE00BABA4D /* AppDelegate.swift */; };
		AEF68533288A7BFE00BABA4D /* SceneDelegate.swift in Sources */ = {isa = PBXBuildFile; fileRef = AEF68532288A7BFE00BABA4D /* SceneDelegate.swift */; };
		AEF68535288A7BFE00BABA4D /* ViewController.swift in Sources */ = {isa = PBXBuildFile; fileRef = AEF68534288A7BFE00BABA4D /* ViewController.swift */; };
		AEF68538288A7BFE00BABA4D /* Main.storyboard in Resources */ = {isa = PBXBuildFile; fileRef = AEF68536288A7BFE00BABA4D /* Main.storyboard */; };
		AEF6853B288A7BFE00BABA4D /* TaMaGotChi.xcdatamodeld in Sources */ = {isa = PBXBuildFile; fileRef = AEF68539288A7BFE00BABA4D /* TaMaGotChi.xcdatamodeld */; };
		AEF6853D288A7C0000BABA4D /* Assets.xcassets in Resources */ = {isa = PBXBuildFile; fileRef = AEF6853C288A7C0000BABA4D /* Assets.xcassets */; };
		AEF68540288A7C0000BABA4D /* LaunchScreen.storyboard in Resources */ = {isa = PBXBuildFile; fileRef = AEF6853E288A7C0000BABA4D /* LaunchScreen.storyboard */; };
		AEF6854D288AC92000BABA4D /* SelectCollectionViewController.swift in Sources */ = {isa = PBXBuildFile; fileRef = AEF6854B288AC92000BABA4D /* SelectCollectionViewController.swift */; };
		AEF68551288AC94500BABA4D /* SettingTableViewController.swift in Sources */ = {isa = PBXBuildFile; fileRef = AEF6854F288AC94500BABA4D /* SettingTableViewController.swift */; };
		AEF68555288AC95900BABA4D /* ChangeNameViewController.swift in Sources */ = {isa = PBXBuildFile; fileRef = AEF68553288AC95900BABA4D /* ChangeNameViewController.swift */; };
		AEF68559288AC97600BABA4D /* DetailPopUpViewController.swift in Sources */ = {isa = PBXBuildFile; fileRef = AEF68557288AC97600BABA4D /* DetailPopUpViewController.swift */; };
		AEF6855C288AC9D800BABA4D /* SelectCollectionViewCell.swift in Sources */ = {isa = PBXBuildFile; fileRef = AEF6855B288AC9D800BABA4D /* SelectCollectionViewCell.swift */; };
		AEF6855E288ACA3100BABA4D /* Select.storyboard in Resources */ = {isa = PBXBuildFile; fileRef = AEF6855D288ACA3100BABA4D /* Select.storyboard */; };
		AEF68560288ACA3F00BABA4D /* Setting.storyboard in Resources */ = {isa = PBXBuildFile; fileRef = AEF6855F288ACA3F00BABA4D /* Setting.storyboard */; };
		AEF68562288ACA5500BABA4D /* ChangeName.storyboard in Resources */ = {isa = PBXBuildFile; fileRef = AEF68561288ACA5500BABA4D /* ChangeName.storyboard */; };
		AEF68564288ACA6400BABA4D /* DetailPopUp.storyboard in Resources */ = {isa = PBXBuildFile; fileRef = AEF68563288ACA6400BABA4D /* DetailPopUp.storyboard */; };
		AEF68566288ACABE00BABA4D /* SettingTableViewCell.swift in Sources */ = {isa = PBXBuildFile; fileRef = AEF68565288ACABE00BABA4D /* SettingTableViewCell.swift */; };
		AEF68568288ACEB700BABA4D /* SelectStruct.swift in Sources */ = {isa = PBXBuildFile; fileRef = AEF68567288ACEB600BABA4D /* SelectStruct.swift */; };
		AEF6856A288ACEF300BABA4D /* SelectInfo.swift in Sources */ = {isa = PBXBuildFile; fileRef = AEF68569288ACEF300BABA4D /* SelectInfo.swift */; };
		AEF6856D288ADA6A00BABA4D /* Toast in Frameworks */ = {isa = PBXBuildFile; productRef = AEF6856C288ADA6A00BABA4D /* Toast */; };
/* End PBXBuildFile section */

/* Begin PBXFileReference section */
		AEC5A89C288C483500F080B3 /* MainViewController.swift */ = {isa = PBXFileReference; lastKnownFileType = sourcecode.swift; path = MainViewController.swift; sourceTree = "<group>"; };
		AEF6852D288A7BFE00BABA4D /* TaMaGotChi.app */ = {isa = PBXFileReference; explicitFileType = wrapper.application; includeInIndex = 0; path = TaMaGotChi.app; sourceTree = BUILT_PRODUCTS_DIR; };
		AEF68530288A7BFE00BABA4D /* AppDelegate.swift */ = {isa = PBXFileReference; lastKnownFileType = sourcecode.swift; path = AppDelegate.swift; sourceTree = "<group>"; };
		AEF68532288A7BFE00BABA4D /* SceneDelegate.swift */ = {isa = PBXFileReference; lastKnownFileType = sourcecode.swift; path = SceneDelegate.swift; sourceTree = "<group>"; };
		AEF68534288A7BFE00BABA4D /* ViewController.swift */ = {isa = PBXFileReference; lastKnownFileType = sourcecode.swift; path = ViewController.swift; sourceTree = "<group>"; };
		AEF68537288A7BFE00BABA4D /* Base */ = {isa = PBXFileReference; lastKnownFileType = file.storyboard; name = Base; path = Base.lproj/Main.storyboard; sourceTree = "<group>"; };
		AEF6853A288A7BFE00BABA4D /* TaMaGotChi.xcdatamodel */ = {isa = PBXFileReference; lastKnownFileType = wrapper.xcdatamodel; path = TaMaGotChi.xcdatamodel; sourceTree = "<group>"; };
		AEF6853C288A7C0000BABA4D /* Assets.xcassets */ = {isa = PBXFileReference; lastKnownFileType = folder.assetcatalog; path = Assets.xcassets; sourceTree = "<group>"; };
		AEF6853F288A7C0000BABA4D /* Base */ = {isa = PBXFileReference; lastKnownFileType = file.storyboard; name = Base; path = Base.lproj/LaunchScreen.storyboard; sourceTree = "<group>"; };
		AEF68541288A7C0000BABA4D /* Info.plist */ = {isa = PBXFileReference; lastKnownFileType = text.plist.xml; path = Info.plist; sourceTree = "<group>"; };
		AEF6854B288AC92000BABA4D /* SelectCollectionViewController.swift */ = {isa = PBXFileReference; lastKnownFileType = sourcecode.swift; path = SelectCollectionViewController.swift; sourceTree = "<group>"; };
		AEF6854F288AC94500BABA4D /* SettingTableViewController.swift */ = {isa = PBXFileReference; lastKnownFileType = sourcecode.swift; path = SettingTableViewController.swift; sourceTree = "<group>"; };
		AEF68553288AC95900BABA4D /* ChangeNameViewController.swift */ = {isa = PBXFileReference; lastKnownFileType = sourcecode.swift; path = ChangeNameViewController.swift; sourceTree = "<group>"; };
		AEF68557288AC97600BABA4D /* DetailPopUpViewController.swift */ = {isa = PBXFileReference; lastKnownFileType = sourcecode.swift; path = DetailPopUpViewController.swift; sourceTree = "<group>"; };
		AEF6855B288AC9D800BABA4D /* SelectCollectionViewCell.swift */ = {isa = PBXFileReference; lastKnownFileType = sourcecode.swift; path = SelectCollectionViewCell.swift; sourceTree = "<group>"; };
		AEF6855D288ACA3100BABA4D /* Select.storyboard */ = {isa = PBXFileReference; lastKnownFileType = file.storyboard; path = Select.storyboard; sourceTree = "<group>"; };
		AEF6855F288ACA3F00BABA4D /* Setting.storyboard */ = {isa = PBXFileReference; lastKnownFileType = file.storyboard; path = Setting.storyboard; sourceTree = "<group>"; };
		AEF68561288ACA5500BABA4D /* ChangeName.storyboard */ = {isa = PBXFileReference; lastKnownFileType = file.storyboard; path = ChangeName.storyboard; sourceTree = "<group>"; };
		AEF68563288ACA6400BABA4D /* DetailPopUp.storyboard */ = {isa = PBXFileReference; lastKnownFileType = file.storyboard; path = DetailPopUp.storyboard; sourceTree = "<group>"; };
		AEF68565288ACABE00BABA4D /* SettingTableViewCell.swift */ = {isa = PBXFileReference; lastKnownFileType = sourcecode.swift; path = SettingTableViewCell.swift; sourceTree = "<group>"; };
		AEF68567288ACEB600BABA4D /* SelectStruct.swift */ = {isa = PBXFileReference; lastKnownFileType = sourcecode.swift; path = SelectStruct.swift; sourceTree = "<group>"; };
		AEF68569288ACEF300BABA4D /* SelectInfo.swift */ = {isa = PBXFileReference; lastKnownFileType = sourcecode.swift; path = SelectInfo.swift; sourceTree = "<group>"; };
/* End PBXFileReference section */

/* Begin PBXFrameworksBuildPhase section */
		AEF6852A288A7BFE00BABA4D /* Frameworks */ = {
			isa = PBXFrameworksBuildPhase;
			buildActionMask = 2147483647;
			files = (
				AEF6856D288ADA6A00BABA4D /* Toast in Frameworks */,
			);
			runOnlyForDeploymentPostprocessing = 0;
		};
/* End PBXFrameworksBuildPhase section */

/* Begin PBXGroup section */
		AEF68524288A7BFE00BABA4D = {
			isa = PBXGroup;
			children = (
				AEF6852F288A7BFE00BABA4D /* TaMaGotChi */,
				AEF6852E288A7BFE00BABA4D /* Products */,
			);
			sourceTree = "<group>";
		};
		AEF6852E288A7BFE00BABA4D /* Products */ = {
			isa = PBXGroup;
			children = (
				AEF6852D288A7BFE00BABA4D /* TaMaGotChi.app */,
			);
			name = Products;
			sourceTree = "<group>";
		};
		AEF6852F288A7BFE00BABA4D /* TaMaGotChi */ = {
			isa = PBXGroup;
			children = (
				AEF6854A288AC8C400BABA4D /* DetailPopUp */,
				AEF68549288AC8B700BABA4D /* ChangeName */,
				AEF68548288AC8AB00BABA4D /* Setting */,
				AEF68547288AC85F00BABA4D /* Select */,
				AEF68530288A7BFE00BABA4D /* AppDelegate.swift */,
				AEF68532288A7BFE00BABA4D /* SceneDelegate.swift */,
				AEF68534288A7BFE00BABA4D /* ViewController.swift */,
				AEC5A89C288C483500F080B3 /* MainViewController.swift */,
				AEF68536288A7BFE00BABA4D /* Main.storyboard */,
				AEF6853C288A7C0000BABA4D /* Assets.xcassets */,
				AEF6853E288A7C0000BABA4D /* LaunchScreen.storyboard */,
				AEF68541288A7C0000BABA4D /* Info.plist */,
				AEF68539288A7BFE00BABA4D /* TaMaGotChi.xcdatamodeld */,
			);
			path = TaMaGotChi;
			sourceTree = "<group>";
		};
		AEF68547288AC85F00BABA4D /* Select */ = {
			isa = PBXGroup;
			children = (
				AEF6854B288AC92000BABA4D /* SelectCollectionViewController.swift */,
				AEF6855B288AC9D800BABA4D /* SelectCollectionViewCell.swift */,
				AEF68567288ACEB600BABA4D /* SelectStruct.swift */,
				AEF68569288ACEF300BABA4D /* SelectInfo.swift */,
				AEF6855D288ACA3100BABA4D /* Select.storyboard */,
			);
			path = Select;
			sourceTree = "<group>";
		};
		AEF68548288AC8AB00BABA4D /* Setting */ = {
			isa = PBXGroup;
			children = (
				AEF6854F288AC94500BABA4D /* SettingTableViewController.swift */,
				AEF68565288ACABE00BABA4D /* SettingTableViewCell.swift */,
				AEF6855F288ACA3F00BABA4D /* Setting.storyboard */,
			);
			path = Setting;
			sourceTree = "<group>";
		};
		AEF68549288AC8B700BABA4D /* ChangeName */ = {
			isa = PBXGroup;
			children = (
				AEF68553288AC95900BABA4D /* ChangeNameViewController.swift */,
				AEF68561288ACA5500BABA4D /* ChangeName.storyboard */,
			);
			path = ChangeName;
			sourceTree = "<group>";
		};
		AEF6854A288AC8C400BABA4D /* DetailPopUp */ = {
			isa = PBXGroup;
			children = (
				AEF68557288AC97600BABA4D /* DetailPopUpViewController.swift */,
				AEF68563288ACA6400BABA4D /* DetailPopUp.storyboard */,
			);
			path = DetailPopUp;
			sourceTree = "<group>";
		};
/* End PBXGroup section */

/* Begin PBXNativeTarget section */
		AEF6852C288A7BFE00BABA4D /* TaMaGotChi */ = {
			isa = PBXNativeTarget;
			buildConfigurationList = AEF68544288A7C0000BABA4D /* Build configuration list for PBXNativeTarget "TaMaGotChi" */;
			buildPhases = (
				AEF68529288A7BFE00BABA4D /* Sources */,
				AEF6852A288A7BFE00BABA4D /* Frameworks */,
				AEF6852B288A7BFE00BABA4D /* Resources */,
			);
			buildRules = (
			);
			dependencies = (
			);
			name = TaMaGotChi;
			packageProductDependencies = (
				AEF6856C288ADA6A00BABA4D /* Toast */,
			);
			productName = TaMaGotChi;
			productReference = AEF6852D288A7BFE00BABA4D /* TaMaGotChi.app */;
			productType = "com.apple.product-type.application";
		};
/* End PBXNativeTarget section */

/* Begin PBXProject section */
		AEF68525288A7BFE00BABA4D /* Project object */ = {
			isa = PBXProject;
			attributes = {
				BuildIndependentTargetsInParallel = 1;
				LastSwiftUpdateCheck = 1340;
				LastUpgradeCheck = 1340;
				TargetAttributes = {
					AEF6852C288A7BFE00BABA4D = {
						CreatedOnToolsVersion = 13.4.1;
					};
				};
			};
			buildConfigurationList = AEF68528288A7BFE00BABA4D /* Build configuration list for PBXProject "TaMaGotChi" */;
			compatibilityVersion = "Xcode 13.0";
			developmentRegion = en;
			hasScannedForEncodings = 0;
			knownRegions = (
				en,
				Base,
			);
			mainGroup = AEF68524288A7BFE00BABA4D;
			packageReferences = (
				AEF6856B288ADA6A00BABA4D /* XCRemoteSwiftPackageReference "Toast-Swift" */,
			);
			productRefGroup = AEF6852E288A7BFE00BABA4D /* Products */;
			projectDirPath = "";
			projectRoot = "";
			targets = (
				AEF6852C288A7BFE00BABA4D /* TaMaGotChi */,
			);
		};
/* End PBXProject section */

/* Begin PBXResourcesBuildPhase section */
		AEF6852B288A7BFE00BABA4D /* Resources */ = {
			isa = PBXResourcesBuildPhase;
			buildActionMask = 2147483647;
			files = (
				AEF68540288A7C0000BABA4D /* LaunchScreen.storyboard in Resources */,
				AEF6855E288ACA3100BABA4D /* Select.storyboard in Resources */,
				AEF68564288ACA6400BABA4D /* DetailPopUp.storyboard in Resources */,
				AEF68562288ACA5500BABA4D /* ChangeName.storyboard in Resources */,
				AEF68560288ACA3F00BABA4D /* Setting.storyboard in Resources */,
				AEF6853D288A7C0000BABA4D /* Assets.xcassets in Resources */,
				AEF68538288A7BFE00BABA4D /* Main.storyboard in Resources */,
			);
			runOnlyForDeploymentPostprocessing = 0;
		};
/* End PBXResourcesBuildPhase section */

/* Begin PBXSourcesBuildPhase section */
		AEF68529288A7BFE00BABA4D /* Sources */ = {
			isa = PBXSourcesBuildPhase;
			buildActionMask = 2147483647;
			files = (
				AEF68568288ACEB700BABA4D /* SelectStruct.swift in Sources */,
				AEC5A89D288C483500F080B3 /* MainViewController.swift in Sources */,
				AEF68559288AC97600BABA4D /* DetailPopUpViewController.swift in Sources */,
				AEF68551288AC94500BABA4D /* SettingTableViewController.swift in Sources */,
				AEF6853B288A7BFE00BABA4D /* TaMaGotChi.xcdatamodeld in Sources */,
				AEF6854D288AC92000BABA4D /* SelectCollectionViewController.swift in Sources */,
				AEF68535288A7BFE00BABA4D /* ViewController.swift in Sources */,
				AEF6855C288AC9D800BABA4D /* SelectCollectionViewCell.swift in Sources */,
				AEF6856A288ACEF300BABA4D /* SelectInfo.swift in Sources */,
				AEF68566288ACABE00BABA4D /* SettingTableViewCell.swift in Sources */,
				AEF68531288A7BFE00BABA4D /* AppDelegate.swift in Sources */,
				AEF68533288A7BFE00BABA4D /* SceneDelegate.swift in Sources */,
				AEF68555288AC95900BABA4D /* ChangeNameViewController.swift in Sources */,
			);
			runOnlyForDeploymentPostprocessing = 0;
		};
/* End PBXSourcesBuildPhase section */

/* Begin PBXVariantGroup section */
		AEF68536288A7BFE00BABA4D /* Main.storyboard */ = {
			isa = PBXVariantGroup;
			children = (
				AEF68537288A7BFE00BABA4D /* Base */,
			);
			name = Main.storyboard;
			sourceTree = "<group>";
		};
		AEF6853E288A7C0000BABA4D /* LaunchScreen.storyboard */ = {
			isa = PBXVariantGroup;
			children = (
				AEF6853F288A7C0000BABA4D /* Base */,
			);
			name = LaunchScreen.storyboard;
			sourceTree = "<group>";
		};
/* End PBXVariantGroup section */

/* Begin XCBuildConfiguration section */
		AEF68542288A7C0000BABA4D /* Debug */ = {
			isa = XCBuildConfiguration;
			buildSettings = {
				ALWAYS_SEARCH_USER_PATHS = NO;
				CLANG_ANALYZER_NONNULL = YES;
				CLANG_ANALYZER_NUMBER_OBJECT_CONVERSION = YES_AGGRESSIVE;
				CLANG_CXX_LANGUAGE_STANDARD = "gnu++17";
				CLANG_ENABLE_MODULES = YES;
				CLANG_ENABLE_OBJC_ARC = YES;
				CLANG_ENABLE_OBJC_WEAK = YES;
				CLANG_WARN_BLOCK_CAPTURE_AUTORELEASING = YES;
				CLANG_WARN_BOOL_CONVERSION = YES;
				CLANG_WARN_COMMA = YES;
				CLANG_WARN_CONSTANT_CONVERSION = YES;
				CLANG_WARN_DEPRECATED_OBJC_IMPLEMENTATIONS = YES;
				CLANG_WARN_DIRECT_OBJC_ISA_USAGE = YES_ERROR;
				CLANG_WARN_DOCUMENTATION_COMMENTS = YES;
				CLANG_WARN_EMPTY_BODY = YES;
				CLANG_WARN_ENUM_CONVERSION = YES;
				CLANG_WARN_INFINITE_RECURSION = YES;
				CLANG_WARN_INT_CONVERSION = YES;
				CLANG_WARN_NON_LITERAL_NULL_CONVERSION = YES;
				CLANG_WARN_OBJC_IMPLICIT_RETAIN_SELF = YES;
				CLANG_WARN_OBJC_LITERAL_CONVERSION = YES;
				CLANG_WARN_OBJC_ROOT_CLASS = YES_ERROR;
				CLANG_WARN_QUOTED_INCLUDE_IN_FRAMEWORK_HEADER = YES;
				CLANG_WARN_RANGE_LOOP_ANALYSIS = YES;
				CLANG_WARN_STRICT_PROTOTYPES = YES;
				CLANG_WARN_SUSPICIOUS_MOVE = YES;
				CLANG_WARN_UNGUARDED_AVAILABILITY = YES_AGGRESSIVE;
				CLANG_WARN_UNREACHABLE_CODE = YES;
				CLANG_WARN__DUPLICATE_METHOD_MATCH = YES;
				COPY_PHASE_STRIP = NO;
				DEBUG_INFORMATION_FORMAT = dwarf;
				ENABLE_STRICT_OBJC_MSGSEND = YES;
				ENABLE_TESTABILITY = YES;
				GCC_C_LANGUAGE_STANDARD = gnu11;
				GCC_DYNAMIC_NO_PIC = NO;
				GCC_NO_COMMON_BLOCKS = YES;
				GCC_OPTIMIZATION_LEVEL = 0;
				GCC_PREPROCESSOR_DEFINITIONS = (
					"DEBUG=1",
					"$(inherited)",
				);
				GCC_WARN_64_TO_32_BIT_CONVERSION = YES;
				GCC_WARN_ABOUT_RETURN_TYPE = YES_ERROR;
				GCC_WARN_UNDECLARED_SELECTOR = YES;
				GCC_WARN_UNINITIALIZED_AUTOS = YES_AGGRESSIVE;
				GCC_WARN_UNUSED_FUNCTION = YES;
				GCC_WARN_UNUSED_VARIABLE = YES;
				IPHONEOS_DEPLOYMENT_TARGET = 15.0;
				MTL_ENABLE_DEBUG_INFO = INCLUDE_SOURCE;
				MTL_FAST_MATH = YES;
				ONLY_ACTIVE_ARCH = YES;
				SDKROOT = iphoneos;
				SWIFT_ACTIVE_COMPILATION_CONDITIONS = DEBUG;
				SWIFT_OPTIMIZATION_LEVEL = "-Onone";
			};
			name = Debug;
		};
		AEF68543288A7C0000BABA4D /* Release */ = {
			isa = XCBuildConfiguration;
			buildSettings = {
				ALWAYS_SEARCH_USER_PATHS = NO;
				CLANG_ANALYZER_NONNULL = YES;
				CLANG_ANALYZER_NUMBER_OBJECT_CONVERSION = YES_AGGRESSIVE;
				CLANG_CXX_LANGUAGE_STANDARD = "gnu++17";
				CLANG_ENABLE_MODULES = YES;
				CLANG_ENABLE_OBJC_ARC = YES;
				CLANG_ENABLE_OBJC_WEAK = YES;
				CLANG_WARN_BLOCK_CAPTURE_AUTORELEASING = YES;
				CLANG_WARN_BOOL_CONVERSION = YES;
				CLANG_WARN_COMMA = YES;
				CLANG_WARN_CONSTANT_CONVERSION = YES;
				CLANG_WARN_DEPRECATED_OBJC_IMPLEMENTATIONS = YES;
				CLANG_WARN_DIRECT_OBJC_ISA_USAGE = YES_ERROR;
				CLANG_WARN_DOCUMENTATION_COMMENTS = YES;
				CLANG_WARN_EMPTY_BODY = YES;
				CLANG_WARN_ENUM_CONVERSION = YES;
				CLANG_WARN_INFINITE_RECURSION = YES;
				CLANG_WARN_INT_CONVERSION = YES;
				CLANG_WARN_NON_LITERAL_NULL_CONVERSION = YES;
				CLANG_WARN_OBJC_IMPLICIT_RETAIN_SELF = YES;
				CLANG_WARN_OBJC_LITERAL_CONVERSION = YES;
				CLANG_WARN_OBJC_ROOT_CLASS = YES_ERROR;
				CLANG_WARN_QUOTED_INCLUDE_IN_FRAMEWORK_HEADER = YES;
				CLANG_WARN_RANGE_LOOP_ANALYSIS = YES;
				CLANG_WARN_STRICT_PROTOTYPES = YES;
				CLANG_WARN_SUSPICIOUS_MOVE = YES;
				CLANG_WARN_UNGUARDED_AVAILABILITY = YES_AGGRESSIVE;
				CLANG_WARN_UNREACHABLE_CODE = YES;
				CLANG_WARN__DUPLICATE_METHOD_MATCH = YES;
				COPY_PHASE_STRIP = NO;
				DEBUG_INFORMATION_FORMAT = "dwarf-with-dsym";
				ENABLE_NS_ASSERTIONS = NO;
				ENABLE_STRICT_OBJC_MSGSEND = YES;
				GCC_C_LANGUAGE_STANDARD = gnu11;
				GCC_NO_COMMON_BLOCKS = YES;
				GCC_WARN_64_TO_32_BIT_CONVERSION = YES;
				GCC_WARN_ABOUT_RETURN_TYPE = YES_ERROR;
				GCC_WARN_UNDECLARED_SELECTOR = YES;
				GCC_WARN_UNINITIALIZED_AUTOS = YES_AGGRESSIVE;
				GCC_WARN_UNUSED_FUNCTION = YES;
				GCC_WARN_UNUSED_VARIABLE = YES;
				IPHONEOS_DEPLOYMENT_TARGET = 15.0;
				MTL_ENABLE_DEBUG_INFO = NO;
				MTL_FAST_MATH = YES;
				SDKROOT = iphoneos;
				SWIFT_COMPILATION_MODE = wholemodule;
				SWIFT_OPTIMIZATION_LEVEL = "-O";
				VALIDATE_PRODUCT = YES;
			};
			name = Release;
		};
		AEF68545288A7C0000BABA4D /* Debug */ = {
			isa = XCBuildConfiguration;
			buildSettings = {
				ASSETCATALOG_COMPILER_APPICON_NAME = AppIcon;
				ASSETCATALOG_COMPILER_GLOBAL_ACCENT_COLOR_NAME = AccentColor;
				CODE_SIGN_STYLE = Automatic;
				CURRENT_PROJECT_VERSION = 1;
				DEVELOPMENT_TEAM = B2VD6SF7B9;
				GENERATE_INFOPLIST_FILE = YES;
				INFOPLIST_FILE = TaMaGotChi/Info.plist;
				INFOPLIST_KEY_UIApplicationSupportsIndirectInputEvents = YES;
				INFOPLIST_KEY_UILaunchStoryboardName = LaunchScreen;
				INFOPLIST_KEY_UIMainStoryboardFile = Main;
				INFOPLIST_KEY_UISupportedInterfaceOrientations = UIInterfaceOrientationPortrait;
				INFOPLIST_KEY_UISupportedInterfaceOrientations_iPad = "UIInterfaceOrientationPortrait UIInterfaceOrientationPortraitUpsideDown UIInterfaceOrientationLandscapeLeft UIInterfaceOrientationLandscapeRight";
				INFOPLIST_KEY_UISupportedInterfaceOrientations_iPhone = "UIInterfaceOrientationPortrait UIInterfaceOrientationLandscapeLeft UIInterfaceOrientationLandscapeRight";
				IPHONEOS_DEPLOYMENT_TARGET = 15.0;
				LD_RUNPATH_SEARCH_PATHS = (
					"$(inherited)",
					"@executable_path/Frameworks",
				);
				MARKETING_VERSION = 1.0;
				PRODUCT_BUNDLE_IDENTIFIER = yeojin.SeSAC.TaMaGotChi;
				PRODUCT_NAME = "$(TARGET_NAME)";
				SWIFT_EMIT_LOC_STRINGS = YES;
				SWIFT_VERSION = 5.0;
				TARGETED_DEVICE_FAMILY = 1;
			};
			name = Debug;
		};
		AEF68546288A7C0000BABA4D /* Release */ = {
			isa = XCBuildConfiguration;
			buildSettings = {
				ASSETCATALOG_COMPILER_APPICON_NAME = AppIcon;
				ASSETCATALOG_COMPILER_GLOBAL_ACCENT_COLOR_NAME = AccentColor;
				CODE_SIGN_STYLE = Automatic;
				CURRENT_PROJECT_VERSION = 1;
				DEVELOPMENT_TEAM = B2VD6SF7B9;
				GENERATE_INFOPLIST_FILE = YES;
				INFOPLIST_FILE = TaMaGotChi/Info.plist;
				INFOPLIST_KEY_UIApplicationSupportsIndirectInputEvents = YES;
				INFOPLIST_KEY_UILaunchStoryboardName = LaunchScreen;
				INFOPLIST_KEY_UIMainStoryboardFile = Main;
				INFOPLIST_KEY_UISupportedInterfaceOrientations = UIInterfaceOrientationPortrait;
				INFOPLIST_KEY_UISupportedInterfaceOrientations_iPad = "UIInterfaceOrientationPortrait UIInterfaceOrientationPortraitUpsideDown UIInterfaceOrientationLandscapeLeft UIInterfaceOrientationLandscapeRight";
				INFOPLIST_KEY_UISupportedInterfaceOrientations_iPhone = "UIInterfaceOrientationPortrait UIInterfaceOrientationLandscapeLeft UIInterfaceOrientationLandscapeRight";
				IPHONEOS_DEPLOYMENT_TARGET = 15.0;
				LD_RUNPATH_SEARCH_PATHS = (
					"$(inherited)",
					"@executable_path/Frameworks",
				);
				MARKETING_VERSION = 1.0;
				PRODUCT_BUNDLE_IDENTIFIER = yeojin.SeSAC.TaMaGotChi;
				PRODUCT_NAME = "$(TARGET_NAME)";
				SWIFT_EMIT_LOC_STRINGS = YES;
				SWIFT_VERSION = 5.0;
				TARGETED_DEVICE_FAMILY = 1;
			};
			name = Release;
		};
/* End XCBuildConfiguration section */

/* Begin XCConfigurationList section */
		AEF68528288A7BFE00BABA4D /* Build configuration list for PBXProject "TaMaGotChi" */ = {
			isa = XCConfigurationList;
			buildConfigurations = (
				AEF68542288A7C0000BABA4D /* Debug */,
				AEF68543288A7C0000BABA4D /* Release */,
			);
			defaultConfigurationIsVisible = 0;
			defaultConfigurationName = Release;
		};
		AEF68544288A7C0000BABA4D /* Build configuration list for PBXNativeTarget "TaMaGotChi" */ = {
			isa = XCConfigurationList;
			buildConfigurations = (
				AEF68545288A7C0000BABA4D /* Debug */,
				AEF68546288A7C0000BABA4D /* Release */,
			);
			defaultConfigurationIsVisible = 0;
			defaultConfigurationName = Release;
		};
/* End XCConfigurationList section */

/* Begin XCRemoteSwiftPackageReference section */
		AEF6856B288ADA6A00BABA4D /* XCRemoteSwiftPackageReference "Toast-Swift" */ = {
			isa = XCRemoteSwiftPackageReference;
			repositoryURL = "https://github.com/scalessec/Toast-Swift.git";
			requirement = {
				kind = upToNextMajorVersion;
				minimumVersion = 5.0.0;
			};
		};
/* End XCRemoteSwiftPackageReference section */

/* Begin XCSwiftPackageProductDependency section */
		AEF6856C288ADA6A00BABA4D /* Toast */ = {
			isa = XCSwiftPackageProductDependency;
			package = AEF6856B288ADA6A00BABA4D /* XCRemoteSwiftPackageReference "Toast-Swift" */;
			productName = Toast;
		};
/* End XCSwiftPackageProductDependency section */

/* Begin XCVersionGroup section */
		AEF68539288A7BFE00BABA4D /* TaMaGotChi.xcdatamodeld */ = {
			isa = XCVersionGroup;
			children = (
				AEF6853A288A7BFE00BABA4D /* TaMaGotChi.xcdatamodel */,
			);
			currentVersion = AEF6853A288A7BFE00BABA4D /* TaMaGotChi.xcdatamodel */;
			path = TaMaGotChi.xcdatamodeld;
			sourceTree = "<group>";
			versionGroupType = wrapper.xcdatamodel;
		};
/* End XCVersionGroup section */
	};
	rootObject = AEF68525288A7BFE00BABA4D /* Project object */;
}
